
Microsoft Visual Studio Solution File, Format Version 12.00
# Visual Studio Version 16
VisualStudioVersion = 16.0.31729.503
MinimumVisualStudioVersion = 10.0.40219.1
Project("{FAE04EC0-301F-11D3-BF4B-00C04F79EFBC}") = "WinFormsApp - Coaching Class", "WinFormsApp - Coaching Class\WinFormsApp - Coaching Class.csproj", "{EB053D8B-A220-4D2E-8903-42A1F1CD8ECD}"
EndProject
Global
	GlobalSection(SolutionConfigurationPlatforms) = preSolution
		Debug|Any CPU = Debug|Any CPU
		Release|Any CPU = Release|Any CPU
	EndGlobalSection
	GlobalSection(ProjectConfigurationPlatforms) = postSolution
		{EB053D8B-A220-4D2E-8903-42A1F1CD8ECD}.Debug|Any CPU.ActiveCfg = Debug|Any CPU
		{EB053D8B-A220-4D2E-8903-42A1F1CD8ECD}.Debug|Any CPU.Build.0 = Debug|Any CPU
		{EB053D8B-A220-4D2E-8903-42A1F1CD8ECD}.Release|Any CPU.ActiveCfg = Release|Any CPU
		{EB053D8B-A220-4D2E-8903-42A1F1CD8ECD}.Release|Any CPU.Build.0 = Release|Any CPU
	EndGlobalSection
	GlobalSection(SolutionProperties) = preSolution
		HideSolutionNode = FALSE
	EndGlobalSection
	GlobalSection(ExtensibilityGlobals) = postSolution
		SolutionGuid = {7BBAFA0F-0DCE-488F-B876-7F54503CAA0D}
	EndGlobalSection
EndGlobal
